
Microsoft Visual Studio Solution File, Format Version 12.00
# Visual Studio Version 17
VisualStudioVersion = 17.13.35818.85 d17.13
MinimumVisualStudioVersion = 10.0.40219.1
Project("{FAE04EC0-301F-11D3-BF4B-00C04F79EFBC}") = "kutupHaneOtomasyonu", "kutupHaneOtomasyonu\kutupHaneOtomasyonu.csproj", "{F9098B0B-8FBE-426D-A1F5-B1CF7B67B9BA}"
EndProject
Global
	GlobalSection(SolutionConfigurationPlatforms) = preSolution
		Debug|Any CPU = Debug|Any CPU
		Release|Any CPU = Release|Any CPU
	EndGlobalSection
	GlobalSection(ProjectConfigurationPlatforms) = postSolution
		{F9098B0B-8FBE-426D-A1F5-B1CF7B67B9BA}.Debug|Any CPU.ActiveCfg = Debug|Any CPU
		{F9098B0B-8FBE-426D-A1F5-B1CF7B67B9BA}.Debug|Any CPU.Build.0 = Debug|Any CPU
		{F9098B0B-8FBE-426D-A1F5-B1CF7B67B9BA}.Release|Any CPU.ActiveCfg = Release|Any CPU
		{F9098B0B-8FBE-426D-A1F5-B1CF7B67B9BA}.Release|Any CPU.Build.0 = Release|Any CPU
	EndGlobalSection
	GlobalSection(SolutionProperties) = preSolution
		HideSolutionNode = FALSE
	EndGlobalSection
	GlobalSection(ExtensibilityGlobals) = postSolution
		SolutionGuid = {33900AEE-3D9B-427A-B3B3-2AC1002C4FFE}
	EndGlobalSection
EndGlobal
